
Microsoft Visual Studio Solution File, Format Version 12.00
# Visual Studio Version 16
VisualStudioVersion = 16.0.31702.278
MinimumVisualStudioVersion = 10.0.40219.1
Project("{D2ABAB84-BF74-430A-B69E-9DC6D40DDA17}") = "SSAS_BookStore", "SSAS_BookStore\SSAS_BookStore.dwproj", "{C3FB1AD3-61B5-4C1C-8DE3-A0CD756E6182}"
EndProject
Global
	GlobalSection(SolutionConfigurationPlatforms) = preSolution
		Development|Default = Development|Default
	EndGlobalSection
	GlobalSection(ProjectConfigurationPlatforms) = postSolution
		{C3FB1AD3-61B5-4C1C-8DE3-A0CD756E6182}.Development|Default.ActiveCfg = Development
		{C3FB1AD3-61B5-4C1C-8DE3-A0CD756E6182}.Development|Default.Build.0 = Development
		{C3FB1AD3-61B5-4C1C-8DE3-A0CD756E6182}.Development|Default.Deploy.0 = Development
	EndGlobalSection
	GlobalSection(SolutionProperties) = preSolution
		HideSolutionNode = FALSE
	EndGlobalSection
	GlobalSection(ExtensibilityGlobals) = postSolution
		SolutionGuid = {4B5B9AE0-E118-40F2-9B09-D84E8723BD52}
	EndGlobalSection
EndGlobal
