
Microsoft Visual Studio Solution File, Format Version 12.00
# Visual Studio Version 16
VisualStudioVersion = 16.0.31702.278
MinimumVisualStudioVersion = 10.0.40219.1
Project("{D2ABAB84-BF74-430A-B69E-9DC6D40DDA17}") = "ssas", "ssas\ssas.dwproj", "{70F4E53F-7EBC-42A9-B590-4308B38F140E}"
EndProject
Global
	GlobalSection(SolutionConfigurationPlatforms) = preSolution
		Development|Default = Development|Default
	EndGlobalSection
	GlobalSection(ProjectConfigurationPlatforms) = postSolution
		{70F4E53F-7EBC-42A9-B590-4308B38F140E}.Development|Default.ActiveCfg = Development
		{70F4E53F-7EBC-42A9-B590-4308B38F140E}.Development|Default.Build.0 = Development
		{70F4E53F-7EBC-42A9-B590-4308B38F140E}.Development|Default.Deploy.0 = Development
	EndGlobalSection
	GlobalSection(SolutionProperties) = preSolution
		HideSolutionNode = FALSE
	EndGlobalSection
	GlobalSection(ExtensibilityGlobals) = postSolution
		SolutionGuid = {54B1AAA1-66B9-4FA9-A910-592FCA64F0DB}
	EndGlobalSection
EndGlobal
